
Microsoft Visual Studio Solution File, Format Version 12.00
# Visual Studio Version 17
VisualStudioVersion = 17.5.33627.172
MinimumVisualStudioVersion = 10.0.40219.1
Project("{FAE04EC0-301F-11D3-BF4B-00C04F79EFBC}") = "WebApi", "WebApi\WebApi.csproj", "{4BE789A2-490E-4AD4-9CA7-DF11D1F3ADE4}"
EndProject
Project("{2150E333-8FDC-42A3-9474-1A3956D46DE8}") = "InterfaceAdapters", "InterfaceAdapters", "{A064E249-DFEA-4D69-ABBB-4D926B763F22}"
EndProject
Project("{2150E333-8FDC-42A3-9474-1A3956D46DE8}") = "Application", "Application", "{E4B667D8-8891-40BD-9C8E-E10C9BDA0AD4}"
EndProject
Project("{2150E333-8FDC-42A3-9474-1A3956D46DE8}") = "BusinessRulers", "BusinessRulers", "{6F969950-B42D-4563-A6DB-25CFDD69A7FA}"
EndProject
Project("{2150E333-8FDC-42A3-9474-1A3956D46DE8}") = "Drivers", "Drivers", "{21934DB3-03FD-4663-8834-B29EBE4F455D}"
EndProject
Project("{FAE04EC0-301F-11D3-BF4B-00C04F79EFBC}") = "Domain", "Domain\Domain.csproj", "{E86A38EA-FC1F-430D-B492-FC833282BB0B}"
EndProject
Project("{FAE04EC0-301F-11D3-BF4B-00C04F79EFBC}") = "Application", "Application\Application.csproj", "{73C6E111-F5EE-4170-AD85-3907C7651E42}"
EndProject
Project("{FAE04EC0-301F-11D3-BF4B-00C04F79EFBC}") = "Infrastructure", "Infrastructure\Infrastructure.csproj", "{199A3FA5-ADE8-478C-B1DD-CF9F57FC7AEF}"
EndProject
Global
	GlobalSection(SolutionConfigurationPlatforms) = preSolution
		Debug|Any CPU = Debug|Any CPU
		Debug|ARM = Debug|ARM
		Debug|ARM64 = Debug|ARM64
		Debug|x64 = Debug|x64
		Debug|x86 = Debug|x86
		Release|Any CPU = Release|Any CPU
		Release|ARM = Release|ARM
		Release|ARM64 = Release|ARM64
		Release|x64 = Release|x64
		Release|x86 = Release|x86
	EndGlobalSection
	GlobalSection(ProjectConfigurationPlatforms) = postSolution
		{4BE789A2-490E-4AD4-9CA7-DF11D1F3ADE4}.Debug|Any CPU.ActiveCfg = Debug|Any CPU
		{4BE789A2-490E-4AD4-9CA7-DF11D1F3ADE4}.Debug|Any CPU.Build.0 = Debug|Any CPU
		{4BE789A2-490E-4AD4-9CA7-DF11D1F3ADE4}.Debug|ARM.ActiveCfg = Debug|Any CPU
		{4BE789A2-490E-4AD4-9CA7-DF11D1F3ADE4}.Debug|ARM.Build.0 = Debug|Any CPU
		{4BE789A2-490E-4AD4-9CA7-DF11D1F3ADE4}.Debug|ARM64.ActiveCfg = Debug|Any CPU
		{4BE789A2-490E-4AD4-9CA7-DF11D1F3ADE4}.Debug|ARM64.Build.0 = Debug|Any CPU
		{4BE789A2-490E-4AD4-9CA7-DF11D1F3ADE4}.Debug|x64.ActiveCfg = Debug|Any CPU
		{4BE789A2-490E-4AD4-9CA7-DF11D1F3ADE4}.Debug|x64.Build.0 = Debug|Any CPU
		{4BE789A2-490E-4AD4-9CA7-DF11D1F3ADE4}.Debug|x86.ActiveCfg = Debug|Any CPU
		{4BE789A2-490E-4AD4-9CA7-DF11D1F3ADE4}.Debug|x86.Build.0 = Debug|Any CPU
		{4BE789A2-490E-4AD4-9CA7-DF11D1F3ADE4}.Release|Any CPU.ActiveCfg = Release|Any CPU
		{4BE789A2-490E-4AD4-9CA7-DF11D1F3ADE4}.Release|Any CPU.Build.0 = Release|Any CPU
		{4BE789A2-490E-4AD4-9CA7-DF11D1F3ADE4}.Release|ARM.ActiveCfg = Release|Any CPU
		{4BE789A2-490E-4AD4-9CA7-DF11D1F3ADE4}.Release|ARM.Build.0 = Release|Any CPU
		{4BE789A2-490E-4AD4-9CA7-DF11D1F3ADE4}.Release|ARM64.ActiveCfg = Release|Any CPU
		{4BE789A2-490E-4AD4-9CA7-DF11D1F3ADE4}.Release|ARM64.Build.0 = Release|Any CPU
		{4BE789A2-490E-4AD4-9CA7-DF11D1F3ADE4}.Release|x64.ActiveCfg = Release|Any CPU
		{4BE789A2-490E-4AD4-9CA7-DF11D1F3ADE4}.Release|x64.Build.0 = Release|Any CPU
		{4BE789A2-490E-4AD4-9CA7-DF11D1F3ADE4}.Release|x86.ActiveCfg = Release|Any CPU
		{4BE789A2-490E-4AD4-9CA7-DF11D1F3ADE4}.Release|x86.Build.0 = Release|Any CPU
		{E86A38EA-FC1F-430D-B492-FC833282BB0B}.Debug|Any CPU.ActiveCfg = Debug|Any CPU
		{E86A38EA-FC1F-430D-B492-FC833282BB0B}.Debug|Any CPU.Build.0 = Debug|Any CPU
		{E86A38EA-FC1F-430D-B492-FC833282BB0B}.Debug|ARM.ActiveCfg = Debug|Any CPU
		{E86A38EA-FC1F-430D-B492-FC833282BB0B}.Debug|ARM.Build.0 = Debug|Any CPU
		{E86A38EA-FC1F-430D-B492-FC833282BB0B}.Debug|ARM64.ActiveCfg = Debug|Any CPU
		{E86A38EA-FC1F-430D-B492-FC833282BB0B}.Debug|ARM64.Build.0 = Debug|Any CPU
		{E86A38EA-FC1F-430D-B492-FC833282BB0B}.Debug|x64.ActiveCfg = Debug|Any CPU
		{E86A38EA-FC1F-430D-B492-FC833282BB0B}.Debug|x64.Build.0 = Debug|Any CPU
		{E86A38EA-FC1F-430D-B492-FC833282BB0B}.Debug|x86.ActiveCfg = Debug|Any CPU
		{E86A38EA-FC1F-430D-B492-FC833282BB0B}.Debug|x86.Build.0 = Debug|Any CPU
		{E86A38EA-FC1F-430D-B492-FC833282BB0B}.Release|Any CPU.ActiveCfg = Release|Any CPU
		{E86A38EA-FC1F-430D-B492-FC833282BB0B}.Release|Any CPU.Build.0 = Release|Any CPU
		{E86A38EA-FC1F-430D-B492-FC833282BB0B}.Release|ARM.ActiveCfg = Release|Any CPU
		{E86A38EA-FC1F-430D-B492-FC833282BB0B}.Release|ARM.Build.0 = Release|Any CPU
		{E86A38EA-FC1F-430D-B492-FC833282BB0B}.Release|ARM64.ActiveCfg = Release|Any CPU
		{E86A38EA-FC1F-430D-B492-FC833282BB0B}.Release|ARM64.Build.0 = Release|Any CPU
		{E86A38EA-FC1F-430D-B492-FC833282BB0B}.Release|x64.ActiveCfg = Release|Any CPU
		{E86A38EA-FC1F-430D-B492-FC833282BB0B}.Release|x64.Build.0 = Release|Any CPU
		{E86A38EA-FC1F-430D-B492-FC833282BB0B}.Release|x86.ActiveCfg = Release|Any CPU
		{E86A38EA-FC1F-430D-B492-FC833282BB0B}.Release|x86.Build.0 = Release|Any CPU
		{73C6E111-F5EE-4170-AD85-3907C7651E42}.Debug|Any CPU.ActiveCfg = Debug|Any CPU
		{73C6E111-F5EE-4170-AD85-3907C7651E42}.Debug|Any CPU.Build.0 = Debug|Any CPU
		{73C6E111-F5EE-4170-AD85-3907C7651E42}.Debug|ARM.ActiveCfg = Debug|Any CPU
		{73C6E111-F5EE-4170-AD85-3907C7651E42}.Debug|ARM.Build.0 = Debug|Any CPU
		{73C6E111-F5EE-4170-AD85-3907C7651E42}.Debug|ARM64.ActiveCfg = Debug|Any CPU
		{73C6E111-F5EE-4170-AD85-3907C7651E42}.Debug|ARM64.Build.0 = Debug|Any CPU
		{73C6E111-F5EE-4170-AD85-3907C7651E42}.Debug|x64.ActiveCfg = Debug|Any CPU
		{73C6E111-F5EE-4170-AD85-3907C7651E42}.Debug|x64.Build.0 = Debug|Any CPU
		{73C6E111-F5EE-4170-AD85-3907C7651E42}.Debug|x86.ActiveCfg = Debug|Any CPU
		{73C6E111-F5EE-4170-AD85-3907C7651E42}.Debug|x86.Build.0 = Debug|Any CPU
		{73C6E111-F5EE-4170-AD85-3907C7651E42}.Release|Any CPU.ActiveCfg = Release|Any CPU
		{73C6E111-F5EE-4170-AD85-3907C7651E42}.Release|Any CPU.Build.0 = Release|Any CPU
		{73C6E111-F5EE-4170-AD85-3907C7651E42}.Release|ARM.ActiveCfg = Release|Any CPU
		{73C6E111-F5EE-4170-AD85-3907C7651E42}.Release|ARM.Build.0 = Release|Any CPU
		{73C6E111-F5EE-4170-AD85-3907C7651E42}.Release|ARM64.ActiveCfg = Release|Any CPU
		{73C6E111-F5EE-4170-AD85-3907C7651E42}.Release|ARM64.Build.0 = Release|Any CPU
		{73C6E111-F5EE-4170-AD85-3907C7651E42}.Release|x64.ActiveCfg = Release|Any CPU
		{73C6E111-F5EE-4170-AD85-3907C7651E42}.Release|x64.Build.0 = Release|Any CPU
		{73C6E111-F5EE-4170-AD85-3907C7651E42}.Release|x86.ActiveCfg = Release|Any CPU
		{73C6E111-F5EE-4170-AD85-3907C7651E42}.Release|x86.Build.0 = Release|Any CPU
		{199A3FA5-ADE8-478C-B1DD-CF9F57FC7AEF}.Debug|Any CPU.ActiveCfg = Debug|Any CPU
		{199A3FA5-ADE8-478C-B1DD-CF9F57FC7AEF}.Debug|Any CPU.Build.0 = Debug|Any CPU
		{199A3FA5-ADE8-478C-B1DD-CF9F57FC7AEF}.Debug|ARM.ActiveCfg = Debug|Any CPU
		{199A3FA5-ADE8-478C-B1DD-CF9F57FC7AEF}.Debug|ARM.Build.0 = Debug|Any CPU
		{199A3FA5-ADE8-478C-B1DD-CF9F57FC7AEF}.Debug|ARM64.ActiveCfg = Debug|Any CPU
		{199A3FA5-ADE8-478C-B1DD-CF9F57FC7AEF}.Debug|ARM64.Build.0 = Debug|Any CPU
		{199A3FA5-ADE8-478C-B1DD-CF9F57FC7AEF}.Debug|x64.ActiveCfg = Debug|Any CPU
		{199A3FA5-ADE8-478C-B1DD-CF9F57FC7AEF}.Debug|x64.Build.0 = Debug|Any CPU
		{199A3FA5-ADE8-478C-B1DD-CF9F57FC7AEF}.Debug|x86.ActiveCfg = Debug|Any CPU
		{199A3FA5-ADE8-478C-B1DD-CF9F57FC7AEF}.Debug|x86.Build.0 = Debug|Any CPU
		{199A3FA5-ADE8-478C-B1DD-CF9F57FC7AEF}.Release|Any CPU.ActiveCfg = Release|Any CPU
		{199A3FA5-ADE8-478C-B1DD-CF9F57FC7AEF}.Release|Any CPU.Build.0 = Release|Any CPU
		{199A3FA5-ADE8-478C-B1DD-CF9F57FC7AEF}.Release|ARM.ActiveCfg = Release|Any CPU
		{199A3FA5-ADE8-478C-B1DD-CF9F57FC7AEF}.Release|ARM.Build.0 = Release|Any CPU
		{199A3FA5-ADE8-478C-B1DD-CF9F57FC7AEF}.Release|ARM64.ActiveCfg = Release|Any CPU
		{199A3FA5-ADE8-478C-B1DD-CF9F57FC7AEF}.Release|ARM64.Build.0 = Release|Any CPU
		{199A3FA5-ADE8-478C-B1DD-CF9F57FC7AEF}.Release|x64.ActiveCfg = Release|Any CPU
		{199A3FA5-ADE8-478C-B1DD-CF9F57FC7AEF}.Release|x64.Build.0 = Release|Any CPU
		{199A3FA5-ADE8-478C-B1DD-CF9F57FC7AEF}.Release|x86.ActiveCfg = Release|Any CPU
		{199A3FA5-ADE8-478C-B1DD-CF9F57FC7AEF}.Release|x86.Build.0 = Release|Any CPU
	EndGlobalSection
	GlobalSection(SolutionProperties) = preSolution
		HideSolutionNode = FALSE
	EndGlobalSection
	GlobalSection(NestedProjects) = preSolution
		{4BE789A2-490E-4AD4-9CA7-DF11D1F3ADE4} = {A064E249-DFEA-4D69-ABBB-4D926B763F22}
		{E86A38EA-FC1F-430D-B492-FC833282BB0B} = {6F969950-B42D-4563-A6DB-25CFDD69A7FA}
		{73C6E111-F5EE-4170-AD85-3907C7651E42} = {E4B667D8-8891-40BD-9C8E-E10C9BDA0AD4}
		{199A3FA5-ADE8-478C-B1DD-CF9F57FC7AEF} = {21934DB3-03FD-4663-8834-B29EBE4F455D}
	EndGlobalSection
	GlobalSection(ExtensibilityGlobals) = postSolution
		SolutionGuid = {36D5BE6D-2F5C-4606-B787-1AAAA3133C24}
	EndGlobalSection
EndGlobal
